
Microsoft Visual Studio Solution File, Format Version 12.00
# Visual Studio Version 16
VisualStudioVersion = 16.0.33529.622
MinimumVisualStudioVersion = 10.0.40219.1
Project("{FAE04EC0-301F-11D3-BF4B-00C04F79EFBC}") = "ReadWriteFileXML", "ReadWriteFileXML.csproj", "{91AA2E00-39D5-4FF8-BC50-C43A7D78109B}"
EndProject
Global
	GlobalSection(SolutionConfigurationPlatforms) = preSolution
		Debug|Any CPU = Debug|Any CPU
		Release|Any CPU = Release|Any CPU
	EndGlobalSection
	GlobalSection(ProjectConfigurationPlatforms) = postSolution
		{91AA2E00-39D5-4FF8-BC50-C43A7D78109B}.Debug|Any CPU.ActiveCfg = Debug|Any CPU
		{91AA2E00-39D5-4FF8-BC50-C43A7D78109B}.Debug|Any CPU.Build.0 = Debug|Any CPU
		{91AA2E00-39D5-4FF8-BC50-C43A7D78109B}.Release|Any CPU.ActiveCfg = Release|Any CPU
		{91AA2E00-39D5-4FF8-BC50-C43A7D78109B}.Release|Any CPU.Build.0 = Release|Any CPU
	EndGlobalSection
	GlobalSection(SolutionProperties) = preSolution
		HideSolutionNode = FALSE
	EndGlobalSection
	GlobalSection(ExtensibilityGlobals) = postSolution
		SolutionGuid = {6F1072A7-4B31-41C9-9F23-B1FB00595049}
	EndGlobalSection
EndGlobal
